
Microsoft Visual Studio Solution File, Format Version 12.00
# Visual Studio Version 16
VisualStudioVersion = 16.0.31729.503
MinimumVisualStudioVersion = 10.0.40219.1
Project("{FAE04EC0-301F-11D3-BF4B-00C04F79EFBC}") = "Pr_6_zad_2", "Pr_6_zad_2\Pr_6_zad_2.csproj", "{0038DDB7-E2A0-4ED7-9C94-CF9DD100D30F}"
EndProject
Global
	GlobalSection(SolutionConfigurationPlatforms) = preSolution
		Debug|Any CPU = Debug|Any CPU
		Release|Any CPU = Release|Any CPU
	EndGlobalSection
	GlobalSection(ProjectConfigurationPlatforms) = postSolution
		{0038DDB7-E2A0-4ED7-9C94-CF9DD100D30F}.Debug|Any CPU.ActiveCfg = Debug|Any CPU
		{0038DDB7-E2A0-4ED7-9C94-CF9DD100D30F}.Debug|Any CPU.Build.0 = Debug|Any CPU
		{0038DDB7-E2A0-4ED7-9C94-CF9DD100D30F}.Release|Any CPU.ActiveCfg = Release|Any CPU
		{0038DDB7-E2A0-4ED7-9C94-CF9DD100D30F}.Release|Any CPU.Build.0 = Release|Any CPU
	EndGlobalSection
	GlobalSection(SolutionProperties) = preSolution
		HideSolutionNode = FALSE
	EndGlobalSection
	GlobalSection(ExtensibilityGlobals) = postSolution
		SolutionGuid = {15CB6D8F-D6AA-490D-828C-FAC7B48F9321}
	EndGlobalSection
EndGlobal
